
Microsoft Visual Studio Solution File, Format Version 12.00
# Visual Studio Version 17
VisualStudioVersion = 17.13.35818.85
MinimumVisualStudioVersion = 10.0.40219.1
Project("{FAE04EC0-301F-11D3-BF4B-00C04F79EFBC}") = "Logistics", "logistic\Logistics.csproj", "{A19567F8-4F9D-4334-95CC-F88FF3964CA3}"
EndProject
Project("{FAE04EC0-301F-11D3-BF4B-00C04F79EFBC}") = "WebApi", "WebApi\WebApi.csproj", "{392A4402-7428-40C6-972B-8D0E9163A398}"
EndProject
Global
	GlobalSection(SolutionConfigurationPlatforms) = preSolution
		Debug|Any CPU = Debug|Any CPU
		Release|Any CPU = Release|Any CPU
	EndGlobalSection
	GlobalSection(ProjectConfigurationPlatforms) = postSolution
		{A19567F8-4F9D-4334-95CC-F88FF3964CA3}.Debug|Any CPU.ActiveCfg = Debug|Any CPU
		{A19567F8-4F9D-4334-95CC-F88FF3964CA3}.Debug|Any CPU.Build.0 = Debug|Any CPU
		{A19567F8-4F9D-4334-95CC-F88FF3964CA3}.Release|Any CPU.ActiveCfg = Release|Any CPU
		{A19567F8-4F9D-4334-95CC-F88FF3964CA3}.Release|Any CPU.Build.0 = Release|Any CPU
		{392A4402-7428-40C6-972B-8D0E9163A398}.Debug|Any CPU.ActiveCfg = Debug|Any CPU
		{392A4402-7428-40C6-972B-8D0E9163A398}.Debug|Any CPU.Build.0 = Debug|Any CPU
		{392A4402-7428-40C6-972B-8D0E9163A398}.Release|Any CPU.ActiveCfg = Release|Any CPU
		{392A4402-7428-40C6-972B-8D0E9163A398}.Release|Any CPU.Build.0 = Release|Any CPU
	EndGlobalSection
	GlobalSection(SolutionProperties) = preSolution
		HideSolutionNode = FALSE
	EndGlobalSection
	GlobalSection(ExtensibilityGlobals) = postSolution
		SolutionGuid = {FF10C7E9-953E-4719-8649-7197A5FB082C}
	EndGlobalSection
EndGlobal
